// !$*UTF8*$!
{
	archiveVersion = 1;
	classes = {
	};
	objectVersion = 50;
	objects = {

/* Begin PBXBuildFile section */
		5A708F8F250D8A3700662A88 /* AppDelegate.swift in Sources */ = {isa = PBXBuildFile; fileRef = 5A708F8E250D8A3700662A88 /* AppDelegate.swift */; };
		5A708F91250D8A3700662A88 /* SceneDelegate.swift in Sources */ = {isa = PBXBuildFile; fileRef = 5A708F90250D8A3700662A88 /* SceneDelegate.swift */; };
		5A708F93250D8A3700662A88 /* ViewController.swift in Sources */ = {isa = PBXBuildFile; fileRef = 5A708F92250D8A3700662A88 /* ViewController.swift */; };
		5A708F96250D8A3700662A88 /* Main.storyboard in Resources */ = {isa = PBXBuildFile; fileRef = 5A708F94250D8A3700662A88 /* Main.storyboard */; };
		5A708F98250D8A3800662A88 /* Assets.xcassets in Resources */ = {isa = PBXBuildFile; fileRef = 5A708F97250D8A3800662A88 /* Assets.xcassets */; };
		5A708F9B250D8A3800662A88 /* LaunchScreen.storyboard in Resources */ = {isa = PBXBuildFile; fileRef = 5A708F99250D8A3800662A88 /* LaunchScreen.storyboard */; };
		5A708FA4250D8A9700662A88 /* CustomCollectionView.xib in Resources */ = {isa = PBXBuildFile; fileRef = 5A708FA3250D8A9700662A88 /* CustomCollectionView.xib */; };
		5A708FA6250D8ADB00662A88 /* CustomCollectionView.swift in Sources */ = {isa = PBXBuildFile; fileRef = 5A708FA5250D8ADB00662A88 /* CustomCollectionView.swift */; };
		5A708FAA250D8CE100662A88 /* MyCustomCell.swift in Sources */ = {isa = PBXBuildFile; fileRef = 5A708FA8250D8CE100662A88 /* MyCustomCell.swift */; };
		5A708FAB250D8CE100662A88 /* MyCustomCell.xib in Resources */ = {isa = PBXBuildFile; fileRef = 5A708FA9250D8CE100662A88 /* MyCustomCell.xib */; };
		5A708FAF250D906D00662A88 /* BaseViewHolderModel.swift in Sources */ = {isa = PBXBuildFile; fileRef = 5A708FAE250D906D00662A88 /* BaseViewHolderModel.swift */; };
		5A708FB1250D908E00662A88 /* BaseViewHolder.swift in Sources */ = {isa = PBXBuildFile; fileRef = 5A708FB0250D908E00662A88 /* BaseViewHolder.swift */; };
		5A708FB5250D910400662A88 /* TextViewHolderCell.swift in Sources */ = {isa = PBXBuildFile; fileRef = 5A708FB3250D910400662A88 /* TextViewHolderCell.swift */; };
		5A708FB6250D910400662A88 /* TextViewHolderCell.xib in Resources */ = {isa = PBXBuildFile; fileRef = 5A708FB4250D910400662A88 /* TextViewHolderCell.xib */; };
		5A708FB8250D911600662A88 /* TextViewHolderModel.swift in Sources */ = {isa = PBXBuildFile; fileRef = 5A708FB7250D911600662A88 /* TextViewHolderModel.swift */; };
/* End PBXBuildFile section */

/* Begin PBXFileReference section */
		5A708F8B250D8A3700662A88 /* DynamicCollectionView.app */ = {isa = PBXFileReference; explicitFileType = wrapper.application; includeInIndex = 0; path = DynamicCollectionView.app; sourceTree = BUILT_PRODUCTS_DIR; };
		5A708F8E250D8A3700662A88 /* AppDelegate.swift */ = {isa = PBXFileReference; lastKnownFileType = sourcecode.swift; path = AppDelegate.swift; sourceTree = "<group>"; };
		5A708F90250D8A3700662A88 /* SceneDelegate.swift */ = {isa = PBXFileReference; lastKnownFileType = sourcecode.swift; path = SceneDelegate.swift; sourceTree = "<group>"; };
		5A708F92250D8A3700662A88 /* ViewController.swift */ = {isa = PBXFileReference; lastKnownFileType = sourcecode.swift; path = ViewController.swift; sourceTree = "<group>"; };
		5A708F95250D8A3700662A88 /* Base */ = {isa = PBXFileReference; lastKnownFileType = file.storyboard; name = Base; path = Base.lproj/Main.storyboard; sourceTree = "<group>"; };
		5A708F97250D8A3800662A88 /* Assets.xcassets */ = {isa = PBXFileReference; lastKnownFileType = folder.assetcatalog; path = Assets.xcassets; sourceTree = "<group>"; };
		5A708F9A250D8A3800662A88 /* Base */ = {isa = PBXFileReference; lastKnownFileType = file.storyboard; name = Base; path = Base.lproj/LaunchScreen.storyboard; sourceTree = "<group>"; };
		5A708F9C250D8A3800662A88 /* Info.plist */ = {isa = PBXFileReference; lastKnownFileType = text.plist.xml; path = Info.plist; sourceTree = "<group>"; };
		5A708FA3250D8A9700662A88 /* CustomCollectionView.xib */ = {isa = PBXFileReference; lastKnownFileType = file.xib; path = CustomCollectionView.xib; sourceTree = "<group>"; };
		5A708FA5250D8ADB00662A88 /* CustomCollectionView.swift */ = {isa = PBXFileReference; lastKnownFileType = sourcecode.swift; path = CustomCollectionView.swift; sourceTree = "<group>"; };
		5A708FA8250D8CE100662A88 /* MyCustomCell.swift */ = {isa = PBXFileReference; lastKnownFileType = sourcecode.swift; path = MyCustomCell.swift; sourceTree = "<group>"; };
		5A708FA9250D8CE100662A88 /* MyCustomCell.xib */ = {isa = PBXFileReference; lastKnownFileType = file.xib; path = MyCustomCell.xib; sourceTree = "<group>"; };
		5A708FAE250D906D00662A88 /* BaseViewHolderModel.swift */ = {isa = PBXFileReference; lastKnownFileType = sourcecode.swift; path = BaseViewHolderModel.swift; sourceTree = "<group>"; };
		5A708FB0250D908E00662A88 /* BaseViewHolder.swift */ = {isa = PBXFileReference; lastKnownFileType = sourcecode.swift; path = BaseViewHolder.swift; sourceTree = "<group>"; };
		5A708FB3250D910400662A88 /* TextViewHolderCell.swift */ = {isa = PBXFileReference; lastKnownFileType = sourcecode.swift; path = TextViewHolderCell.swift; sourceTree = "<group>"; };
		5A708FB4250D910400662A88 /* TextViewHolderCell.xib */ = {isa = PBXFileReference; lastKnownFileType = file.xib; path = TextViewHolderCell.xib; sourceTree = "<group>"; };
		5A708FB7250D911600662A88 /* TextViewHolderModel.swift */ = {isa = PBXFileReference; lastKnownFileType = sourcecode.swift; path = TextViewHolderModel.swift; sourceTree = "<group>"; };
/* End PBXFileReference section */

/* Begin PBXFrameworksBuildPhase section */
		5A708F88250D8A3700662A88 /* Frameworks */ = {
			isa = PBXFrameworksBuildPhase;
			buildActionMask = 2147483647;
			files = (
			);
			runOnlyForDeploymentPostprocessing = 0;
		};
/* End PBXFrameworksBuildPhase section */

/* Begin PBXGroup section */
		5A708F82250D8A3700662A88 = {
			isa = PBXGroup;
			children = (
				5A708F8D250D8A3700662A88 /* DynamicCollectionView */,
				5A708F8C250D8A3700662A88 /* Products */,
			);
			sourceTree = "<group>";
		};
		5A708F8C250D8A3700662A88 /* Products */ = {
			isa = PBXGroup;
			children = (
				5A708F8B250D8A3700662A88 /* DynamicCollectionView.app */,
			);
			name = Products;
			sourceTree = "<group>";
		};
		5A708F8D250D8A3700662A88 /* DynamicCollectionView */ = {
			isa = PBXGroup;
			children = (
				5A708FA2250D8A5200662A88 /* CustomCollectionView */,
				5A708F8E250D8A3700662A88 /* AppDelegate.swift */,
				5A708F90250D8A3700662A88 /* SceneDelegate.swift */,
				5A708F92250D8A3700662A88 /* ViewController.swift */,
				5A708F94250D8A3700662A88 /* Main.storyboard */,
				5A708F97250D8A3800662A88 /* Assets.xcassets */,
				5A708F99250D8A3800662A88 /* LaunchScreen.storyboard */,
				5A708F9C250D8A3800662A88 /* Info.plist */,
			);
			path = DynamicCollectionView;
			sourceTree = "<group>";
		};
		5A708FA2250D8A5200662A88 /* CustomCollectionView */ = {
			isa = PBXGroup;
			children = (
				5A708FAD250D905900662A88 /* Base */,
				5A90C726250D954B005D3442 /* ListView */,
				5A708FA7250D8CB400662A88 /* Cells */,
			);
			path = CustomCollectionView;
			sourceTree = "<group>";
		};
		5A708FA7250D8CB400662A88 /* Cells */ = {
			isa = PBXGroup;
			children = (
				5A708FB2250D90CA00662A88 /* TextViewHolder */,
				5A708FAC250D903300662A88 /* MyCustomCell */,
			);
			path = Cells;
			sourceTree = "<group>";
		};
		5A708FAC250D903300662A88 /* MyCustomCell */ = {
			isa = PBXGroup;
			children = (
				5A708FA8250D8CE100662A88 /* MyCustomCell.swift */,
				5A708FA9250D8CE100662A88 /* MyCustomCell.xib */,
			);
			path = MyCustomCell;
			sourceTree = "<group>";
		};
		5A708FAD250D905900662A88 /* Base */ = {
			isa = PBXGroup;
			children = (
				5A708FAE250D906D00662A88 /* BaseViewHolderModel.swift */,
				5A708FB0250D908E00662A88 /* BaseViewHolder.swift */,
			);
			path = Base;
			sourceTree = "<group>";
		};
		5A708FB2250D90CA00662A88 /* TextViewHolder */ = {
			isa = PBXGroup;
			children = (
				5A708FB3250D910400662A88 /* TextViewHolderCell.swift */,
				5A708FB4250D910400662A88 /* TextViewHolderCell.xib */,
				5A708FB7250D911600662A88 /* TextViewHolderModel.swift */,
			);
			path = TextViewHolder;
			sourceTree = "<group>";
		};
		5A90C726250D954B005D3442 /* ListView */ = {
			isa = PBXGroup;
			children = (
				5A708FA3250D8A9700662A88 /* CustomCollectionView.xib */,
				5A708FA5250D8ADB00662A88 /* CustomCollectionView.swift */,
			);
			path = ListView;
			sourceTree = "<group>";
		};
/* End PBXGroup section */

/* Begin PBXNativeTarget section */
		5A708F8A250D8A3700662A88 /* DynamicCollectionView */ = {
			isa = PBXNativeTarget;
			buildConfigurationList = 5A708F9F250D8A3800662A88 /* Build configuration list for PBXNativeTarget "DynamicCollectionView" */;
			buildPhases = (
				5A708F87250D8A3700662A88 /* Sources */,
				5A708F88250D8A3700662A88 /* Frameworks */,
				5A708F89250D8A3700662A88 /* Resources */,
			);
			buildRules = (
			);
			dependencies = (
			);
			name = DynamicCollectionView;
			productName = DynamicCollectionView;
			productReference = 5A708F8B250D8A3700662A88 /* DynamicCollectionView.app */;
			productType = "com.apple.product-type.application";
		};
/* End PBXNativeTarget section */

/* Begin PBXProject section */
		5A708F83250D8A3700662A88 /* Project object */ = {
			isa = PBXProject;
			attributes = {
				LastSwiftUpdateCheck = 1170;
				LastUpgradeCheck = 1170;
				ORGANIZATIONNAME = "Tom Anderson";
				TargetAttributes = {
					5A708F8A250D8A3700662A88 = {
						CreatedOnToolsVersion = 11.7;
					};
				};
			};
			buildConfigurationList = 5A708F86250D8A3700662A88 /* Build configuration list for PBXProject "DynamicCollectionView" */;
			compatibilityVersion = "Xcode 9.3";
			developmentRegion = en;
			hasScannedForEncodings = 0;
			knownRegions = (
				en,
				Base,
			);
			mainGroup = 5A708F82250D8A3700662A88;
			productRefGroup = 5A708F8C250D8A3700662A88 /* Products */;
			projectDirPath = "";
			projectRoot = "";
			targets = (
				5A708F8A250D8A3700662A88 /* DynamicCollectionView */,
			);
		};
/* End PBXProject section */

/* Begin PBXResourcesBuildPhase section */
		5A708F89250D8A3700662A88 /* Resources */ = {
			isa = PBXResourcesBuildPhase;
			buildActionMask = 2147483647;
			files = (
				5A708F9B250D8A3800662A88 /* LaunchScreen.storyboard in Resources */,
				5A708F98250D8A3800662A88 /* Assets.xcassets in Resources */,
				5A708F96250D8A3700662A88 /* Main.storyboard in Resources */,
				5A708FA4250D8A9700662A88 /* CustomCollectionView.xib in Resources */,
				5A708FAB250D8CE100662A88 /* MyCustomCell.xib in Resources */,
				5A708FB6250D910400662A88 /* TextViewHolderCell.xib in Resources */,
			);
			runOnlyForDeploymentPostprocessing = 0;
		};
/* End PBXResourcesBuildPhase section */

/* Begin PBXSourcesBuildPhase section */
		5A708F87250D8A3700662A88 /* Sources */ = {
			isa = PBXSourcesBuildPhase;
			buildActionMask = 2147483647;
			files = (
				5A708FB1250D908E00662A88 /* BaseViewHolder.swift in Sources */,
				5A708FB5250D910400662A88 /* TextViewHolderCell.swift in Sources */,
				5A708F93250D8A3700662A88 /* ViewController.swift in Sources */,
				5A708FB8250D911600662A88 /* TextViewHolderModel.swift in Sources */,
				5A708FAF250D906D00662A88 /* BaseViewHolderModel.swift in Sources */,
				5A708FAA250D8CE100662A88 /* MyCustomCell.swift in Sources */,
				5A708F8F250D8A3700662A88 /* AppDelegate.swift in Sources */,
				5A708F91250D8A3700662A88 /* SceneDelegate.swift in Sources */,
				5A708FA6250D8ADB00662A88 /* CustomCollectionView.swift in Sources */,
			);
			runOnlyForDeploymentPostprocessing = 0;
		};
/* End PBXSourcesBuildPhase section */

/* Begin PBXVariantGroup section */
		5A708F94250D8A3700662A88 /* Main.storyboard */ = {
			isa = PBXVariantGroup;
			children = (
				5A708F95250D8A3700662A88 /* Base */,
			);
			name = Main.storyboard;
			sourceTree = "<group>";
		};
		5A708F99250D8A3800662A88 /* LaunchScreen.storyboard */ = {
			isa = PBXVariantGroup;
			children = (
				5A708F9A250D8A3800662A88 /* Base */,
			);
			name = LaunchScreen.storyboard;
			sourceTree = "<group>";
		};
/* End PBXVariantGroup section */

/* Begin XCBuildConfiguration section */
		5A708F9D250D8A3800662A88 /* Debug */ = {
			isa = XCBuildConfiguration;
			buildSettings = {
				ALWAYS_SEARCH_USER_PATHS = NO;
				CLANG_ANALYZER_NONNULL = YES;
				CLANG_ANALYZER_NUMBER_OBJECT_CONVERSION = YES_AGGRESSIVE;
				CLANG_CXX_LANGUAGE_STANDARD = "gnu++14";
				CLANG_CXX_LIBRARY = "libc++";
				CLANG_ENABLE_MODULES = YES;
				CLANG_ENABLE_OBJC_ARC = YES;
				CLANG_ENABLE_OBJC_WEAK = YES;
				CLANG_WARN_BLOCK_CAPTURE_AUTORELEASING = YES;
				CLANG_WARN_BOOL_CONVERSION = YES;
				CLANG_WARN_COMMA = YES;
				CLANG_WARN_CONSTANT_CONVERSION = YES;
				CLANG_WARN_DEPRECATED_OBJC_IMPLEMENTATIONS = YES;
				CLANG_WARN_DIRECT_OBJC_ISA_USAGE = YES_ERROR;
				CLANG_WARN_DOCUMENTATION_COMMENTS = YES;
				CLANG_WARN_EMPTY_BODY = YES;
				CLANG_WARN_ENUM_CONVERSION = YES;
				CLANG_WARN_INFINITE_RECURSION = YES;
				CLANG_WARN_INT_CONVERSION = YES;
				CLANG_WARN_NON_LITERAL_NULL_CONVERSION = YES;
				CLANG_WARN_OBJC_IMPLICIT_RETAIN_SELF = YES;
				CLANG_WARN_OBJC_LITERAL_CONVERSION = YES;
				CLANG_WARN_OBJC_ROOT_CLASS = YES_ERROR;
				CLANG_WARN_RANGE_LOOP_ANALYSIS = YES;
				CLANG_WARN_STRICT_PROTOTYPES = YES;
				CLANG_WARN_SUSPICIOUS_MOVE = YES;
				CLANG_WARN_UNGUARDED_AVAILABILITY = YES_AGGRESSIVE;
				CLANG_WARN_UNREACHABLE_CODE = YES;
				CLANG_WARN__DUPLICATE_METHOD_MATCH = YES;
				COPY_PHASE_STRIP = NO;
				DEBUG_INFORMATION_FORMAT = dwarf;
				ENABLE_STRICT_OBJC_MSGSEND = YES;
				ENABLE_TESTABILITY = YES;
				GCC_C_LANGUAGE_STANDARD = gnu11;
				GCC_DYNAMIC_NO_PIC = NO;
				GCC_NO_COMMON_BLOCKS = YES;
				GCC_OPTIMIZATION_LEVEL = 0;
				GCC_PREPROCESSOR_DEFINITIONS = (
					"DEBUG=1",
					"$(inherited)",
				);
				GCC_WARN_64_TO_32_BIT_CONVERSION = YES;
				GCC_WARN_ABOUT_RETURN_TYPE = YES_ERROR;
				GCC_WARN_UNDECLARED_SELECTOR = YES;
				GCC_WARN_UNINITIALIZED_AUTOS = YES_AGGRESSIVE;
				GCC_WARN_UNUSED_FUNCTION = YES;
				GCC_WARN_UNUSED_VARIABLE = YES;
				IPHONEOS_DEPLOYMENT_TARGET = 13.7;
				MTL_ENABLE_DEBUG_INFO = INCLUDE_SOURCE;
				MTL_FAST_MATH = YES;
				ONLY_ACTIVE_ARCH = YES;
				SDKROOT = iphoneos;
				SWIFT_ACTIVE_COMPILATION_CONDITIONS = DEBUG;
				SWIFT_OPTIMIZATION_LEVEL = "-Onone";
			};
			name = Debug;
		};
		5A708F9E250D8A3800662A88 /* Release */ = {
			isa = XCBuildConfiguration;
			buildSettings = {
				ALWAYS_SEARCH_USER_PATHS = NO;
				CLANG_ANALYZER_NONNULL = YES;
				CLANG_ANALYZER_NUMBER_OBJECT_CONVERSION = YES_AGGRESSIVE;
				CLANG_CXX_LANGUAGE_STANDARD = "gnu++14";
				CLANG_CXX_LIBRARY = "libc++";
				CLANG_ENABLE_MODULES = YES;
				CLANG_ENABLE_OBJC_ARC = YES;
				CLANG_ENABLE_OBJC_WEAK = YES;
				CLANG_WARN_BLOCK_CAPTURE_AUTORELEASING = YES;
				CLANG_WARN_BOOL_CONVERSION = YES;
				CLANG_WARN_COMMA = YES;
				CLANG_WARN_CONSTANT_CONVERSION = YES;
				CLANG_WARN_DEPRECATED_OBJC_IMPLEMENTATIONS = YES;
				CLANG_WARN_DIRECT_OBJC_ISA_USAGE = YES_ERROR;
				CLANG_WARN_DOCUMENTATION_COMMENTS = YES;
				CLANG_WARN_EMPTY_BODY = YES;
				CLANG_WARN_ENUM_CONVERSION = YES;
				CLANG_WARN_INFINITE_RECURSION = YES;
				CLANG_WARN_INT_CONVERSION = YES;
				CLANG_WARN_NON_LITERAL_NULL_CONVERSION = YES;
				CLANG_WARN_OBJC_IMPLICIT_RETAIN_SELF = YES;
				CLANG_WARN_OBJC_LITERAL_CONVERSION = YES;
				CLANG_WARN_OBJC_ROOT_CLASS = YES_ERROR;
				CLANG_WARN_RANGE_LOOP_ANALYSIS = YES;
				CLANG_WARN_STRICT_PROTOTYPES = YES;
				CLANG_WARN_SUSPICIOUS_MOVE = YES;
				CLANG_WARN_UNGUARDED_AVAILABILITY = YES_AGGRESSIVE;
				CLANG_WARN_UNREACHABLE_CODE = YES;
				CLANG_WARN__DUPLICATE_METHOD_MATCH = YES;
				COPY_PHASE_STRIP = NO;
				DEBUG_INFORMATION_FORMAT = "dwarf-with-dsym";
				ENABLE_NS_ASSERTIONS = NO;
				ENABLE_STRICT_OBJC_MSGSEND = YES;
				GCC_C_LANGUAGE_STANDARD = gnu11;
				GCC_NO_COMMON_BLOCKS = YES;
				GCC_WARN_64_TO_32_BIT_CONVERSION = YES;
				GCC_WARN_ABOUT_RETURN_TYPE = YES_ERROR;
				GCC_WARN_UNDECLARED_SELECTOR = YES;
				GCC_WARN_UNINITIALIZED_AUTOS = YES_AGGRESSIVE;
				GCC_WARN_UNUSED_FUNCTION = YES;
				GCC_WARN_UNUSED_VARIABLE = YES;
				IPHONEOS_DEPLOYMENT_TARGET = 13.7;
				MTL_ENABLE_DEBUG_INFO = NO;
				MTL_FAST_MATH = YES;
				SDKROOT = iphoneos;
				SWIFT_COMPILATION_MODE = wholemodule;
				SWIFT_OPTIMIZATION_LEVEL = "-O";
				VALIDATE_PRODUCT = YES;
			};
			name = Release;
		};
		5A708FA0250D8A3800662A88 /* Debug */ = {
			isa = XCBuildConfiguration;
			buildSettings = {
				ASSETCATALOG_COMPILER_APPICON_NAME = AppIcon;
				CODE_SIGN_STYLE = Automatic;
				INFOPLIST_FILE = DynamicCollectionView/Info.plist;
				LD_RUNPATH_SEARCH_PATHS = (
					"$(inherited)",
					"@executable_path/Frameworks",
				);
				PRODUCT_BUNDLE_IDENTIFIER = com.tomdroid.DynamicCollectionView;
				PRODUCT_NAME = "$(TARGET_NAME)";
				SWIFT_VERSION = 5.0;
				TARGETED_DEVICE_FAMILY = "1,2";
			};
			name = Debug;
		};
		5A708FA1250D8A3800662A88 /* Release */ = {
			isa = XCBuildConfiguration;
			buildSettings = {
				ASSETCATALOG_COMPILER_APPICON_NAME = AppIcon;
				CODE_SIGN_STYLE = Automatic;
				INFOPLIST_FILE = DynamicCollectionView/Info.plist;
				LD_RUNPATH_SEARCH_PATHS = (
					"$(inherited)",
					"@executable_path/Frameworks",
				);
				PRODUCT_BUNDLE_IDENTIFIER = com.tomdroid.DynamicCollectionView;
				PRODUCT_NAME = "$(TARGET_NAME)";
				SWIFT_VERSION = 5.0;
				TARGETED_DEVICE_FAMILY = "1,2";
			};
			name = Release;
		};
/* End XCBuildConfiguration section */

/* Begin XCConfigurationList section */
		5A708F86250D8A3700662A88 /* Build configuration list for PBXProject "DynamicCollectionView" */ = {
			isa = XCConfigurationList;
			buildConfigurations = (
				5A708F9D250D8A3800662A88 /* Debug */,
				5A708F9E250D8A3800662A88 /* Release */,
			);
			defaultConfigurationIsVisible = 0;
			defaultConfigurationName = Release;
		};
		5A708F9F250D8A3800662A88 /* Build configuration list for PBXNativeTarget "DynamicCollectionView" */ = {
			isa = XCConfigurationList;
			buildConfigurations = (
				5A708FA0250D8A3800662A88 /* Debug */,
				5A708FA1250D8A3800662A88 /* Release */,
			);
			defaultConfigurationIsVisible = 0;
			defaultConfigurationName = Release;
		};
/* End XCConfigurationList section */
	};
	rootObject = 5A708F83250D8A3700662A88 /* Project object */;
}
